
Microsoft Visual Studio Solution File, Format Version 12.00
# Visual Studio Version 17
VisualStudioVersion = 17.11.35208.52
MinimumVisualStudioVersion = 10.0.40219.1
Project("{FAE04EC0-301F-11D3-BF4B-00C04F79EFBC}") = "yazlabdeneme", "yazlabdeneme\yazlabdeneme.csproj", "{F2A84EC6-5FC7-4C78-93A8-4695EB3876FF}"
EndProject
Global
	GlobalSection(SolutionConfigurationPlatforms) = preSolution
		Debug|Any CPU = Debug|Any CPU
		Release|Any CPU = Release|Any CPU
	EndGlobalSection
	GlobalSection(ProjectConfigurationPlatforms) = postSolution
		{F2A84EC6-5FC7-4C78-93A8-4695EB3876FF}.Debug|Any CPU.ActiveCfg = Debug|Any CPU
		{F2A84EC6-5FC7-4C78-93A8-4695EB3876FF}.Debug|Any CPU.Build.0 = Debug|Any CPU
		{F2A84EC6-5FC7-4C78-93A8-4695EB3876FF}.Release|Any CPU.ActiveCfg = Release|Any CPU
		{F2A84EC6-5FC7-4C78-93A8-4695EB3876FF}.Release|Any CPU.Build.0 = Release|Any CPU
	EndGlobalSection
	GlobalSection(SolutionProperties) = preSolution
		HideSolutionNode = FALSE
	EndGlobalSection
	GlobalSection(ExtensibilityGlobals) = postSolution
		SolutionGuid = {E58D44F5-47CA-43F0-AA0C-4EA166D6AA8B}
	EndGlobalSection
EndGlobal
